# IE-003 immutable production image input.
HOME_ASSISTANT_VERSION=2026.7.2
HOME_ASSISTANT_BASE=ghcr.io/home-assistant/home-assistant:2026.7.2@sha256:1476924357b46e80735c13e94232ba5c853cac052e9df4bb28d50fa56348097b
HOME_ASSISTANT_BASE_DIGEST=sha256:1476924357b46e80735c13e94232ba5c853cac052e9df4bb28d50fa56348097b

